
Microsoft Visual Studio Solution File, Format Version 12.00
# Visual Studio 15
VisualStudioVersion = 15.0.28307.489
MinimumVisualStudioVersion = 10.0.40219.1
Project("{FAE04EC0-301F-11D3-BF4B-00C04F79EFBC}") = "Sitecore.AuthoringForms", "Sitecore.AuthoringForms\Sitecore.AuthoringForms.csproj", "{B9F022B4-DFC2-4418-9370-417E0FC25CCB}"
EndProject
Global
	GlobalSection(SolutionConfigurationPlatforms) = preSolution
		Debug|Any CPU = Debug|Any CPU
		Release|Any CPU = Release|Any CPU
	EndGlobalSection
	GlobalSection(ProjectConfigurationPlatforms) = postSolution
		{B9F022B4-DFC2-4418-9370-417E0FC25CCB}.Debug|Any CPU.ActiveCfg = Debug|Any CPU
		{B9F022B4-DFC2-4418-9370-417E0FC25CCB}.Debug|Any CPU.Build.0 = Debug|Any CPU
		{B9F022B4-DFC2-4418-9370-417E0FC25CCB}.Release|Any CPU.ActiveCfg = Release|Any CPU
		{B9F022B4-DFC2-4418-9370-417E0FC25CCB}.Release|Any CPU.Build.0 = Release|Any CPU
	EndGlobalSection
	GlobalSection(SolutionProperties) = preSolution
		HideSolutionNode = FALSE
	EndGlobalSection
	GlobalSection(ExtensibilityGlobals) = postSolution
		SolutionGuid = {A7508F41-E73D-4CB4-A9B3-767D88E9DB3C}
	EndGlobalSection
EndGlobal
